
Microsoft Visual Studio Solution File, Format Version 12.00
# Visual Studio 15
VisualStudioVersion = 15.0.28307.168
MinimumVisualStudioVersion = 10.0.40219.1
Project("{9A19103F-16F7-4668-BE54-9A1E7A4F7556}") = "Web.Api.Infrastructure", "Web.Api.Data\Web.Api.Infrastructure.csproj", "{DC4F751C-B7E7-47CC-958E-7591D5B2D09C}"
EndProject
Project("{9A19103F-16F7-4668-BE54-9A1E7A4F7556}") = "Web.Api.Core", "Web.Api.Core\Web.Api.Core.csproj", "{5C4322A4-D855-4108-89CE-E8CB5258841D}"
EndProject
Project("{9A19103F-16F7-4668-BE54-9A1E7A4F7556}") = "Web.Api.Web", "Web.Api.Web\Web.Api.Web.csproj", "{A6980518-C164-4D21-9037-FAAB19DF25B6}"
EndProject
Project("{9A19103F-16F7-4668-BE54-9A1E7A4F7556}") = "Web.Api.Test", "Web.Api.Test\Web.Api.Test.csproj", "{1BDBBE2C-4060-43F0-93E8-E3DF9CC7C8CB}"
EndProject
Global
	GlobalSection(SolutionConfigurationPlatforms) = preSolution
		Debug|Any CPU = Debug|Any CPU
		Release|Any CPU = Release|Any CPU
	EndGlobalSection
	GlobalSection(ProjectConfigurationPlatforms) = postSolution
		{DC4F751C-B7E7-47CC-958E-7591D5B2D09C}.Debug|Any CPU.ActiveCfg = Debug|Any CPU
		{DC4F751C-B7E7-47CC-958E-7591D5B2D09C}.Debug|Any CPU.Build.0 = Debug|Any CPU
		{DC4F751C-B7E7-47CC-958E-7591D5B2D09C}.Release|Any CPU.ActiveCfg = Release|Any CPU
		{DC4F751C-B7E7-47CC-958E-7591D5B2D09C}.Release|Any CPU.Build.0 = Release|Any CPU
		{5C4322A4-D855-4108-89CE-E8CB5258841D}.Debug|Any CPU.ActiveCfg = Debug|Any CPU
		{5C4322A4-D855-4108-89CE-E8CB5258841D}.Debug|Any CPU.Build.0 = Debug|Any CPU
		{5C4322A4-D855-4108-89CE-E8CB5258841D}.Release|Any CPU.ActiveCfg = Release|Any CPU
		{5C4322A4-D855-4108-89CE-E8CB5258841D}.Release|Any CPU.Build.0 = Release|Any CPU
		{A6980518-C164-4D21-9037-FAAB19DF25B6}.Debug|Any CPU.ActiveCfg = Debug|Any CPU
		{A6980518-C164-4D21-9037-FAAB19DF25B6}.Debug|Any CPU.Build.0 = Debug|Any CPU
		{A6980518-C164-4D21-9037-FAAB19DF25B6}.Release|Any CPU.ActiveCfg = Release|Any CPU
		{A6980518-C164-4D21-9037-FAAB19DF25B6}.Release|Any CPU.Build.0 = Release|Any CPU
		{1BDBBE2C-4060-43F0-93E8-E3DF9CC7C8CB}.Debug|Any CPU.ActiveCfg = Debug|Any CPU
		{1BDBBE2C-4060-43F0-93E8-E3DF9CC7C8CB}.Debug|Any CPU.Build.0 = Debug|Any CPU
		{1BDBBE2C-4060-43F0-93E8-E3DF9CC7C8CB}.Release|Any CPU.ActiveCfg = Release|Any CPU
		{1BDBBE2C-4060-43F0-93E8-E3DF9CC7C8CB}.Release|Any CPU.Build.0 = Release|Any CPU
	EndGlobalSection
	GlobalSection(SolutionProperties) = preSolution
		HideSolutionNode = FALSE
	EndGlobalSection
	GlobalSection(ExtensibilityGlobals) = postSolution
		SolutionGuid = {77194A91-B201-4DB8-9CEF-8B7475F4B98A}
	EndGlobalSection
EndGlobal
